
Microsoft Visual Studio Solution File, Format Version 12.00
# Visual Studio Version 17
VisualStudioVersion = 17.0.32112.339
MinimumVisualStudioVersion = 10.0.40219.1
Project("{FAE04EC0-301F-11D3-BF4B-00C04F79EFBC}") = "ListaDeExercicios3", "ListaDeExercicios3\ListaDeExercicios3.csproj", "{CF25E9E9-3F09-432B-BDF0-B9BD14B27BDC}"
EndProject
Project("{FAE04EC0-301F-11D3-BF4B-00C04F79EFBC}") = "Lista3Exerc2", "Lista3Exerc2\Lista3Exerc2.csproj", "{6351DBDC-0B32-48F9-8207-50399AE42588}"
EndProject
Project("{FAE04EC0-301F-11D3-BF4B-00C04F79EFBC}") = "Lista3Exerc4", "Lista3Exerc4\Lista3Exerc4.csproj", "{D8990F58-75CE-4CD9-BE57-0A586E70654C}"
EndProject
Project("{FAE04EC0-301F-11D3-BF4B-00C04F79EFBC}") = "Lista3Exerc5", "Lista3Exerc5\Lista3Exerc5.csproj", "{1754FF0C-B31B-42A8-AEBD-E296E37ED596}"
EndProject
Project("{FAE04EC0-301F-11D3-BF4B-00C04F79EFBC}") = "Lista3Exerc3", "Lista3Exerc3\Lista3Exerc3.csproj", "{F43C8616-A622-4752-86AC-8B77E12BC9CA}"
EndProject
Global
	GlobalSection(SolutionConfigurationPlatforms) = preSolution
		Debug|Any CPU = Debug|Any CPU
		Release|Any CPU = Release|Any CPU
	EndGlobalSection
	GlobalSection(ProjectConfigurationPlatforms) = postSolution
		{CF25E9E9-3F09-432B-BDF0-B9BD14B27BDC}.Debug|Any CPU.ActiveCfg = Debug|Any CPU
		{CF25E9E9-3F09-432B-BDF0-B9BD14B27BDC}.Debug|Any CPU.Build.0 = Debug|Any CPU
		{CF25E9E9-3F09-432B-BDF0-B9BD14B27BDC}.Release|Any CPU.ActiveCfg = Release|Any CPU
		{CF25E9E9-3F09-432B-BDF0-B9BD14B27BDC}.Release|Any CPU.Build.0 = Release|Any CPU
		{6351DBDC-0B32-48F9-8207-50399AE42588}.Debug|Any CPU.ActiveCfg = Debug|Any CPU
		{6351DBDC-0B32-48F9-8207-50399AE42588}.Debug|Any CPU.Build.0 = Debug|Any CPU
		{6351DBDC-0B32-48F9-8207-50399AE42588}.Release|Any CPU.ActiveCfg = Release|Any CPU
		{6351DBDC-0B32-48F9-8207-50399AE42588}.Release|Any CPU.Build.0 = Release|Any CPU
		{D8990F58-75CE-4CD9-BE57-0A586E70654C}.Debug|Any CPU.ActiveCfg = Debug|Any CPU
		{D8990F58-75CE-4CD9-BE57-0A586E70654C}.Debug|Any CPU.Build.0 = Debug|Any CPU
		{D8990F58-75CE-4CD9-BE57-0A586E70654C}.Release|Any CPU.ActiveCfg = Release|Any CPU
		{D8990F58-75CE-4CD9-BE57-0A586E70654C}.Release|Any CPU.Build.0 = Release|Any CPU
		{1754FF0C-B31B-42A8-AEBD-E296E37ED596}.Debug|Any CPU.ActiveCfg = Debug|Any CPU
		{1754FF0C-B31B-42A8-AEBD-E296E37ED596}.Debug|Any CPU.Build.0 = Debug|Any CPU
		{1754FF0C-B31B-42A8-AEBD-E296E37ED596}.Release|Any CPU.ActiveCfg = Release|Any CPU
		{1754FF0C-B31B-42A8-AEBD-E296E37ED596}.Release|Any CPU.Build.0 = Release|Any CPU
		{F43C8616-A622-4752-86AC-8B77E12BC9CA}.Debug|Any CPU.ActiveCfg = Debug|Any CPU
		{F43C8616-A622-4752-86AC-8B77E12BC9CA}.Debug|Any CPU.Build.0 = Debug|Any CPU
		{F43C8616-A622-4752-86AC-8B77E12BC9CA}.Release|Any CPU.ActiveCfg = Release|Any CPU
		{F43C8616-A622-4752-86AC-8B77E12BC9CA}.Release|Any CPU.Build.0 = Release|Any CPU
	EndGlobalSection
	GlobalSection(SolutionProperties) = preSolution
		HideSolutionNode = FALSE
	EndGlobalSection
	GlobalSection(ExtensibilityGlobals) = postSolution
		SolutionGuid = {D1E862AD-1828-4232-8FC7-D1D92DD65F55}
	EndGlobalSection
EndGlobal
